{
  "name": "tcp_server",
  "version": "1.0.0",
  "lockfileVersion": 3,
  "requires": true,
  "packages": {
    "": {
      "name": "tcp_server",
      "version": "1.0.0",
      "license": "ISC",
      "dependencies": {
        "gt06": "^1.0.12"
      }
    },
    "node_modules/gt06": {
      "version": "1.0.12",
      "resolved": "https://registry.npmjs.org/gt06/-/gt06-1.0.12.tgz",
      "integrity": "sha512-uYLzWtIIxhJt11ddINkVooRYTZY+fzdlJTGUiJ1zH5Padhu+lPkghfc8oo4lsgs40dgItWzWsLBQi2XPQkYylQ==",
      "license": "ISC"
    }
  }
}
